// !$*UTF8*$!
{
	archiveVersion = 1;
	classes = {
	};
	objectVersion = 50;
	objects = {

/* Begin PBXBuildFile section */
		6F180875225DFF26005E72C6 /* AppDelegate.swift in Sources */ = {isa = PBXBuildFile; fileRef = 6F180874225DFF26005E72C6 /* AppDelegate.swift */; };
		6F180877225DFF26005E72C6 /* ViewController.swift in Sources */ = {isa = PBXBuildFile; fileRef = 6F180876225DFF26005E72C6 /* ViewController.swift */; };
		6F18087A225DFF26005E72C6 /* Main.storyboard in Resources */ = {isa = PBXBuildFile; fileRef = 6F180878225DFF26005E72C6 /* Main.storyboard */; };
		6F18087D225DFF26005E72C6 /* MenuCD.xcdatamodeld in Sources */ = {isa = PBXBuildFile; fileRef = 6F18087B225DFF26005E72C6 /* MenuCD.xcdatamodeld */; };
		6F18087F225DFF27005E72C6 /* Assets.xcassets in Resources */ = {isa = PBXBuildFile; fileRef = 6F18087E225DFF27005E72C6 /* Assets.xcassets */; };
		6F180882225DFF28005E72C6 /* LaunchScreen.storyboard in Resources */ = {isa = PBXBuildFile; fileRef = 6F180880225DFF27005E72C6 /* LaunchScreen.storyboard */; };
		6F18088D225DFF28005E72C6 /* MenuCDTests.swift in Sources */ = {isa = PBXBuildFile; fileRef = 6F18088C225DFF28005E72C6 /* MenuCDTests.swift */; };
		6F180898225DFF28005E72C6 /* MenuCDUITests.swift in Sources */ = {isa = PBXBuildFile; fileRef = 6F180897225DFF28005E72C6 /* MenuCDUITests.swift */; };
/* End PBXBuildFile section */

/* Begin PBXContainerItemProxy section */
		6F180889225DFF28005E72C6 /* PBXContainerItemProxy */ = {
			isa = PBXContainerItemProxy;
			containerPortal = 6F180869225DFF26005E72C6 /* Project object */;
			proxyType = 1;
			remoteGlobalIDString = 6F180870225DFF26005E72C6;
			remoteInfo = MenuCD;
		};
		6F180894225DFF28005E72C6 /* PBXContainerItemProxy */ = {
			isa = PBXContainerItemProxy;
			containerPortal = 6F180869225DFF26005E72C6 /* Project object */;
			proxyType = 1;
			remoteGlobalIDString = 6F180870225DFF26005E72C6;
			remoteInfo = MenuCD;
		};
/* End PBXContainerItemProxy section */

/* Begin PBXFileReference section */
		6F180871225DFF26005E72C6 /* MenuCD.app */ = {isa = PBXFileReference; explicitFileType = wrapper.application; includeInIndex = 0; path = MenuCD.app; sourceTree = BUILT_PRODUCTS_DIR; };
		6F180874225DFF26005E72C6 /* AppDelegate.swift */ = {isa = PBXFileReference; lastKnownFileType = sourcecode.swift; path = AppDelegate.swift; sourceTree = "<group>"; };
		6F180876225DFF26005E72C6 /* ViewController.swift */ = {isa = PBXFileReference; lastKnownFileType = sourcecode.swift; path = ViewController.swift; sourceTree = "<group>"; };
		6F180879225DFF26005E72C6 /* Base */ = {isa = PBXFileReference; lastKnownFileType = file.storyboard; name = Base; path = Base.lproj/Main.storyboard; sourceTree = "<group>"; };
		6F18087C225DFF26005E72C6 /* MenuCD.xcdatamodel */ = {isa = PBXFileReference; lastKnownFileType = wrapper.xcdatamodel; path = MenuCD.xcdatamodel; sourceTree = "<group>"; };
		6F18087E225DFF27005E72C6 /* Assets.xcassets */ = {isa = PBXFileReference; lastKnownFileType = folder.assetcatalog; path = Assets.xcassets; sourceTree = "<group>"; };
		6F180881225DFF27005E72C6 /* Base */ = {isa = PBXFileReference; lastKnownFileType = file.storyboard; name = Base; path = Base.lproj/LaunchScreen.storyboard; sourceTree = "<group>"; };
		6F180883225DFF28005E72C6 /* Info.plist */ = {isa = PBXFileReference; lastKnownFileType = text.plist.xml; path = Info.plist; sourceTree = "<group>"; };
		6F180888225DFF28005E72C6 /* MenuCDTests.xctest */ = {isa = PBXFileReference; explicitFileType = wrapper.cfbundle; includeInIndex = 0; path = MenuCDTests.xctest; sourceTree = BUILT_PRODUCTS_DIR; };
		6F18088C225DFF28005E72C6 /* MenuCDTests.swift */ = {isa = PBXFileReference; lastKnownFileType = sourcecode.swift; path = MenuCDTests.swift; sourceTree = "<group>"; };
		6F18088E225DFF28005E72C6 /* Info.plist */ = {isa = PBXFileReference; lastKnownFileType = text.plist.xml; path = Info.plist; sourceTree = "<group>"; };
		6F180893225DFF28005E72C6 /* MenuCDUITests.xctest */ = {isa = PBXFileReference; explicitFileType = wrapper.cfbundle; includeInIndex = 0; path = MenuCDUITests.xctest; sourceTree = BUILT_PRODUCTS_DIR; };
		6F180897225DFF28005E72C6 /* MenuCDUITests.swift */ = {isa = PBXFileReference; lastKnownFileType = sourcecode.swift; path = MenuCDUITests.swift; sourceTree = "<group>"; };
		6F180899225DFF28005E72C6 /* Info.plist */ = {isa = PBXFileReference; lastKnownFileType = text.plist.xml; path = Info.plist; sourceTree = "<group>"; };
/* End PBXFileReference section */

/* Begin PBXFrameworksBuildPhase section */
		6F18086E225DFF26005E72C6 /* Frameworks */ = {
			isa = PBXFrameworksBuildPhase;
			buildActionMask = 2147483647;
			files = (
			);
			runOnlyForDeploymentPostprocessing = 0;
		};
		6F180885225DFF28005E72C6 /* Frameworks */ = {
			isa = PBXFrameworksBuildPhase;
			buildActionMask = 2147483647;
			files = (
			);
			runOnlyForDeploymentPostprocessing = 0;
		};
		6F180890225DFF28005E72C6 /* Frameworks */ = {
			isa = PBXFrameworksBuildPhase;
			buildActionMask = 2147483647;
			files = (
			);
			runOnlyForDeploymentPostprocessing = 0;
		};
/* End PBXFrameworksBuildPhase section */

/* Begin PBXGroup section */
		6F180868225DFF26005E72C6 = {
			isa = PBXGroup;
			children = (
				6F180873225DFF26005E72C6 /* MenuCD */,
				6F18088B225DFF28005E72C6 /* MenuCDTests */,
				6F180896225DFF28005E72C6 /* MenuCDUITests */,
				6F180872225DFF26005E72C6 /* Products */,
			);
			sourceTree = "<group>";
		};
		6F180872225DFF26005E72C6 /* Products */ = {
			isa = PBXGroup;
			children = (
				6F180871225DFF26005E72C6 /* MenuCD.app */,
				6F180888225DFF28005E72C6 /* MenuCDTests.xctest */,
				6F180893225DFF28005E72C6 /* MenuCDUITests.xctest */,
			);
			name = Products;
			sourceTree = "<group>";
		};
		6F180873225DFF26005E72C6 /* MenuCD */ = {
			isa = PBXGroup;
			children = (
				6F180874225DFF26005E72C6 /* AppDelegate.swift */,
				6F180876225DFF26005E72C6 /* ViewController.swift */,
				6F180878225DFF26005E72C6 /* Main.storyboard */,
				6F18087E225DFF27005E72C6 /* Assets.xcassets */,
				6F180880225DFF27005E72C6 /* LaunchScreen.storyboard */,
				6F180883225DFF28005E72C6 /* Info.plist */,
				6F18087B225DFF26005E72C6 /* MenuCD.xcdatamodeld */,
			);
			path = MenuCD;
			sourceTree = "<group>";
		};
		6F18088B225DFF28005E72C6 /* MenuCDTests */ = {
			isa = PBXGroup;
			children = (
				6F18088C225DFF28005E72C6 /* MenuCDTests.swift */,
				6F18088E225DFF28005E72C6 /* Info.plist */,
			);
			path = MenuCDTests;
			sourceTree = "<group>";
		};
		6F180896225DFF28005E72C6 /* MenuCDUITests */ = {
			isa = PBXGroup;
			children = (
				6F180897225DFF28005E72C6 /* MenuCDUITests.swift */,
				6F180899225DFF28005E72C6 /* Info.plist */,
			);
			path = MenuCDUITests;
			sourceTree = "<group>";
		};
/* End PBXGroup section */

/* Begin PBXNativeTarget section */
		6F180870225DFF26005E72C6 /* MenuCD */ = {
			isa = PBXNativeTarget;
			buildConfigurationList = 6F18089C225DFF28005E72C6 /* Build configuration list for PBXNativeTarget "MenuCD" */;
			buildPhases = (
				6F18086D225DFF26005E72C6 /* Sources */,
				6F18086E225DFF26005E72C6 /* Frameworks */,
				6F18086F225DFF26005E72C6 /* Resources */,
			);
			buildRules = (
			);
			dependencies = (
			);
			name = MenuCD;
			productName = MenuCD;
			productReference = 6F180871225DFF26005E72C6 /* MenuCD.app */;
			productType = "com.apple.product-type.application";
		};
		6F180887225DFF28005E72C6 /* MenuCDTests */ = {
			isa = PBXNativeTarget;
			buildConfigurationList = 6F18089F225DFF28005E72C6 /* Build configuration list for PBXNativeTarget "MenuCDTests" */;
			buildPhases = (
				6F180884225DFF28005E72C6 /* Sources */,
				6F180885225DFF28005E72C6 /* Frameworks */,
				6F180886225DFF28005E72C6 /* Resources */,
			);
			buildRules = (
			);
			dependencies = (
				6F18088A225DFF28005E72C6 /* PBXTargetDependency */,
			);
			name = MenuCDTests;
			productName = MenuCDTests;
			productReference = 6F180888225DFF28005E72C6 /* MenuCDTests.xctest */;
			productType = "com.apple.product-type.bundle.unit-test";
		};
		6F180892225DFF28005E72C6 /* MenuCDUITests */ = {
			isa = PBXNativeTarget;
			buildConfigurationList = 6F1808A2225DFF28005E72C6 /* Build configuration list for PBXNativeTarget "MenuCDUITests" */;
			buildPhases = (
				6F18088F225DFF28005E72C6 /* Sources */,
				6F180890225DFF28005E72C6 /* Frameworks */,
				6F180891225DFF28005E72C6 /* Resources */,
			);
			buildRules = (
			);
			dependencies = (
				6F180895225DFF28005E72C6 /* PBXTargetDependency */,
			);
			name = MenuCDUITests;
			productName = MenuCDUITests;
			productReference = 6F180893225DFF28005E72C6 /* MenuCDUITests.xctest */;
			productType = "com.apple.product-type.bundle.ui-testing";
		};
/* End PBXNativeTarget section */

/* Begin PBXProject section */
		6F180869225DFF26005E72C6 /* Project object */ = {
			isa = PBXProject;
			attributes = {
				LastSwiftUpdateCheck = 1020;
				LastUpgradeCheck = 1020;
				ORGANIZATIONNAME = "Aleksandra Klein";
				TargetAttributes = {
					6F180870225DFF26005E72C6 = {
						CreatedOnToolsVersion = 10.2;
					};
					6F180887225DFF28005E72C6 = {
						CreatedOnToolsVersion = 10.2;
						TestTargetID = 6F180870225DFF26005E72C6;
					};
					6F180892225DFF28005E72C6 = {
						CreatedOnToolsVersion = 10.2;
						TestTargetID = 6F180870225DFF26005E72C6;
					};
				};
			};
			buildConfigurationList = 6F18086C225DFF26005E72C6 /* Build configuration list for PBXProject "MenuCD" */;
			compatibilityVersion = "Xcode 9.3";
			developmentRegion = en;
			hasScannedForEncodings = 0;
			knownRegions = (
				en,
				Base,
			);
			mainGroup = 6F180868225DFF26005E72C6;
			productRefGroup = 6F180872225DFF26005E72C6 /* Products */;
			projectDirPath = "";
			projectRoot = "";
			targets = (
				6F180870225DFF26005E72C6 /* MenuCD */,
				6F180887225DFF28005E72C6 /* MenuCDTests */,
				6F180892225DFF28005E72C6 /* MenuCDUITests */,
			);
		};
/* End PBXProject section */

/* Begin PBXResourcesBuildPhase section */
		6F18086F225DFF26005E72C6 /* Resources */ = {
			isa = PBXResourcesBuildPhase;
			buildActionMask = 2147483647;
			files = (
				6F180882225DFF28005E72C6 /* LaunchScreen.storyboard in Resources */,
				6F18087F225DFF27005E72C6 /* Assets.xcassets in Resources */,
				6F18087A225DFF26005E72C6 /* Main.storyboard in Resources */,
			);
			runOnlyForDeploymentPostprocessing = 0;
		};
		6F180886225DFF28005E72C6 /* Resources */ = {
			isa = PBXResourcesBuildPhase;
			buildActionMask = 2147483647;
			files = (
			);
			runOnlyForDeploymentPostprocessing = 0;
		};
		6F180891225DFF28005E72C6 /* Resources */ = {
			isa = PBXResourcesBuildPhase;
			buildActionMask = 2147483647;
			files = (
			);
			runOnlyForDeploymentPostprocessing = 0;
		};
/* End PBXResourcesBuildPhase section */

/* Begin PBXSourcesBuildPhase section */
		6F18086D225DFF26005E72C6 /* Sources */ = {
			isa = PBXSourcesBuildPhase;
			buildActionMask = 2147483647;
			files = (
				6F180877225DFF26005E72C6 /* ViewController.swift in Sources */,
				6F18087D225DFF26005E72C6 /* MenuCD.xcdatamodeld in Sources */,
				6F180875225DFF26005E72C6 /* AppDelegate.swift in Sources */,
			);
			runOnlyForDeploymentPostprocessing = 0;
		};
		6F180884225DFF28005E72C6 /* Sources */ = {
			isa = PBXSourcesBuildPhase;
			buildActionMask = 2147483647;
			files = (
				6F18088D225DFF28005E72C6 /* MenuCDTests.swift in Sources */,
			);
			runOnlyForDeploymentPostprocessing = 0;
		};
		6F18088F225DFF28005E72C6 /* Sources */ = {
			isa = PBXSourcesBuildPhase;
			buildActionMask = 2147483647;
			files = (
				6F180898225DFF28005E72C6 /* MenuCDUITests.swift in Sources */,
			);
			runOnlyForDeploymentPostprocessing = 0;
		};
/* End PBXSourcesBuildPhase section */

/* Begin PBXTargetDependency section */
		6F18088A225DFF28005E72C6 /* PBXTargetDependency */ = {
			isa = PBXTargetDependency;
			target = 6F180870225DFF26005E72C6 /* MenuCD */;
			targetProxy = 6F180889225DFF28005E72C6 /* PBXContainerItemProxy */;
		};
		6F180895225DFF28005E72C6 /* PBXTargetDependency */ = {
			isa = PBXTargetDependency;
			target = 6F180870225DFF26005E72C6 /* MenuCD */;
			targetProxy = 6F180894225DFF28005E72C6 /* PBXContainerItemProxy */;
		};
/* End PBXTargetDependency section */

/* Begin PBXVariantGroup section */
		6F180878225DFF26005E72C6 /* Main.storyboard */ = {
			isa = PBXVariantGroup;
			children = (
				6F180879225DFF26005E72C6 /* Base */,
			);
			name = Main.storyboard;
			sourceTree = "<group>";
		};
		6F180880225DFF27005E72C6 /* LaunchScreen.storyboard */ = {
			isa = PBXVariantGroup;
			children = (
				6F180881225DFF27005E72C6 /* Base */,
			);
			name = LaunchScreen.storyboard;
			sourceTree = "<group>";
		};
/* End PBXVariantGroup section */

/* Begin XCBuildConfiguration section */
		6F18089A225DFF28005E72C6 /* Debug */ = {
			isa = XCBuildConfiguration;
			buildSettings = {
				ALWAYS_SEARCH_USER_PATHS = NO;
				CLANG_ANALYZER_NONNULL = YES;
				CLANG_ANALYZER_NUMBER_OBJECT_CONVERSION = YES_AGGRESSIVE;
				CLANG_CXX_LANGUAGE_STANDARD = "gnu++14";
				CLANG_CXX_LIBRARY = "libc++";
				CLANG_ENABLE_MODULES = YES;
				CLANG_ENABLE_OBJC_ARC = YES;
				CLANG_ENABLE_OBJC_WEAK = YES;
				CLANG_WARN_BLOCK_CAPTURE_AUTORELEASING = YES;
				CLANG_WARN_BOOL_CONVERSION = YES;
				CLANG_WARN_COMMA = YES;
				CLANG_WARN_CONSTANT_CONVERSION = YES;
				CLANG_WARN_DEPRECATED_OBJC_IMPLEMENTATIONS = YES;
				CLANG_WARN_DIRECT_OBJC_ISA_USAGE = YES_ERROR;
				CLANG_WARN_DOCUMENTATION_COMMENTS = YES;
				CLANG_WARN_EMPTY_BODY = YES;
				CLANG_WARN_ENUM_CONVERSION = YES;
				CLANG_WARN_INFINITE_RECURSION = YES;
				CLANG_WARN_INT_CONVERSION = YES;
				CLANG_WARN_NON_LITERAL_NULL_CONVERSION = YES;
				CLANG_WARN_OBJC_IMPLICIT_RETAIN_SELF = YES;
				CLANG_WARN_OBJC_LITERAL_CONVERSION = YES;
				CLANG_WARN_OBJC_ROOT_CLASS = YES_ERROR;
				CLANG_WARN_RANGE_LOOP_ANALYSIS = YES;
				CLANG_WARN_STRICT_PROTOTYPES = YES;
				CLANG_WARN_SUSPICIOUS_MOVE = YES;
				CLANG_WARN_UNGUARDED_AVAILABILITY = YES_AGGRESSIVE;
				CLANG_WARN_UNREACHABLE_CODE = YES;
				CLANG_WARN__DUPLICATE_METHOD_MATCH = YES;
				CODE_SIGN_IDENTITY = "iPhone Developer";
				COPY_PHASE_STRIP = NO;
				DEBUG_INFORMATION_FORMAT = dwarf;
				ENABLE_STRICT_OBJC_MSGSEND = YES;
				ENABLE_TESTABILITY = YES;
				GCC_C_LANGUAGE_STANDARD = gnu11;
				GCC_DYNAMIC_NO_PIC = NO;
				GCC_NO_COMMON_BLOCKS = YES;
				GCC_OPTIMIZATION_LEVEL = 0;
				GCC_PREPROCESSOR_DEFINITIONS = (
					"DEBUG=1",
					"$(inherited)",
				);
				GCC_WARN_64_TO_32_BIT_CONVERSION = YES;
				GCC_WARN_ABOUT_RETURN_TYPE = YES_ERROR;
				GCC_WARN_UNDECLARED_SELECTOR = YES;
				GCC_WARN_UNINITIALIZED_AUTOS = YES_AGGRESSIVE;
				GCC_WARN_UNUSED_FUNCTION = YES;
				GCC_WARN_UNUSED_VARIABLE = YES;
				IPHONEOS_DEPLOYMENT_TARGET = 12.2;
				MTL_ENABLE_DEBUG_INFO = INCLUDE_SOURCE;
				MTL_FAST_MATH = YES;
				ONLY_ACTIVE_ARCH = YES;
				SDKROOT = iphoneos;
				SWIFT_ACTIVE_COMPILATION_CONDITIONS = DEBUG;
				SWIFT_OPTIMIZATION_LEVEL = "-Onone";
			};
			name = Debug;
		};
		6F18089B225DFF28005E72C6 /* Release */ = {
			isa = XCBuildConfiguration;
			buildSettings = {
				ALWAYS_SEARCH_USER_PATHS = NO;
				CLANG_ANALYZER_NONNULL = YES;
				CLANG_ANALYZER_NUMBER_OBJECT_CONVERSION = YES_AGGRESSIVE;
				CLANG_CXX_LANGUAGE_STANDARD = "gnu++14";
				CLANG_CXX_LIBRARY = "libc++";
				CLANG_ENABLE_MODULES = YES;
				CLANG_ENABLE_OBJC_ARC = YES;
				CLANG_ENABLE_OBJC_WEAK = YES;
				CLANG_WARN_BLOCK_CAPTURE_AUTORELEASING = YES;
				CLANG_WARN_BOOL_CONVERSION = YES;
				CLANG_WARN_COMMA = YES;
				CLANG_WARN_CONSTANT_CONVERSION = YES;
				CLANG_WARN_DEPRECATED_OBJC_IMPLEMENTATIONS = YES;
				CLANG_WARN_DIRECT_OBJC_ISA_USAGE = YES_ERROR;
				CLANG_WARN_DOCUMENTATION_COMMENTS = YES;
				CLANG_WARN_EMPTY_BODY = YES;
				CLANG_WARN_ENUM_CONVERSION = YES;
				CLANG_WARN_INFINITE_RECURSION = YES;
				CLANG_WARN_INT_CONVERSION = YES;
				CLANG_WARN_NON_LITERAL_NULL_CONVERSION = YES;
				CLANG_WARN_OBJC_IMPLICIT_RETAIN_SELF = YES;
				CLANG_WARN_OBJC_LITERAL_CONVERSION = YES;
				CLANG_WARN_OBJC_ROOT_CLASS = YES_ERROR;
				CLANG_WARN_RANGE_LOOP_ANALYSIS = YES;
				CLANG_WARN_STRICT_PROTOTYPES = YES;
				CLANG_WARN_SUSPICIOUS_MOVE = YES;
				CLANG_WARN_UNGUARDED_AVAILABILITY = YES_AGGRESSIVE;
				CLANG_WARN_UNREACHABLE_CODE = YES;
				CLANG_WARN__DUPLICATE_METHOD_MATCH = YES;
				CODE_SIGN_IDENTITY = "iPhone Developer";
				COPY_PHASE_STRIP = NO;
				DEBUG_INFORMATION_FORMAT = "dwarf-with-dsym";
				ENABLE_NS_ASSERTIONS = NO;
				ENABLE_STRICT_OBJC_MSGSEND = YES;
				GCC_C_LANGUAGE_STANDARD = gnu11;
				GCC_NO_COMMON_BLOCKS = YES;
				GCC_WARN_64_TO_32_BIT_CONVERSION = YES;
				GCC_WARN_ABOUT_RETURN_TYPE = YES_ERROR;
				GCC_WARN_UNDECLARED_SELECTOR = YES;
				GCC_WARN_UNINITIALIZED_AUTOS = YES_AGGRESSIVE;
				GCC_WARN_UNUSED_FUNCTION = YES;
				GCC_WARN_UNUSED_VARIABLE = YES;
				IPHONEOS_DEPLOYMENT_TARGET = 12.2;
				MTL_ENABLE_DEBUG_INFO = NO;
				MTL_FAST_MATH = YES;
				SDKROOT = iphoneos;
				SWIFT_COMPILATION_MODE = wholemodule;
				SWIFT_OPTIMIZATION_LEVEL = "-O";
				VALIDATE_PRODUCT = YES;
			};
			name = Release;
		};
		6F18089D225DFF28005E72C6 /* Debug */ = {
			isa = XCBuildConfiguration;
			buildSettings = {
				ASSETCATALOG_COMPILER_APPICON_NAME = AppIcon;
				CODE_SIGN_STYLE = Automatic;
				DEVELOPMENT_TEAM = UMXQ4S7KHA;
				INFOPLIST_FILE = MenuCD/Info.plist;
				LD_RUNPATH_SEARCH_PATHS = (
					"$(inherited)",
					"@executable_path/Frameworks",
				);
				PRODUCT_BUNDLE_IDENTIFIER = com.example.MenuCD;
				PRODUCT_NAME = "$(TARGET_NAME)";
				SWIFT_VERSION = 5.0;
				TARGETED_DEVICE_FAMILY = "1,2";
			};
			name = Debug;
		};
		6F18089E225DFF28005E72C6 /* Release */ = {
			isa = XCBuildConfiguration;
			buildSettings = {
				ASSETCATALOG_COMPILER_APPICON_NAME = AppIcon;
				CODE_SIGN_STYLE = Automatic;
				DEVELOPMENT_TEAM = UMXQ4S7KHA;
				INFOPLIST_FILE = MenuCD/Info.plist;
				LD_RUNPATH_SEARCH_PATHS = (
					"$(inherited)",
					"@executable_path/Frameworks",
				);
				PRODUCT_BUNDLE_IDENTIFIER = com.example.MenuCD;
				PRODUCT_NAME = "$(TARGET_NAME)";
				SWIFT_VERSION = 5.0;
				TARGETED_DEVICE_FAMILY = "1,2";
			};
			name = Release;
		};
		6F1808A0225DFF28005E72C6 /* Debug */ = {
			isa = XCBuildConfiguration;
			buildSettings = {
				ALWAYS_EMBED_SWIFT_STANDARD_LIBRARIES = YES;
				BUNDLE_LOADER = "$(TEST_HOST)";
				CODE_SIGN_STYLE = Automatic;
				DEVELOPMENT_TEAM = UMXQ4S7KHA;
				INFOPLIST_FILE = MenuCDTests/Info.plist;
				LD_RUNPATH_SEARCH_PATHS = (
					"$(inherited)",
					"@executable_path/Frameworks",
					"@loader_path/Frameworks",
				);
				PRODUCT_BUNDLE_IDENTIFIER = com.example.MenuCDTests;
				PRODUCT_NAME = "$(TARGET_NAME)";
				SWIFT_VERSION = 5.0;
				TARGETED_DEVICE_FAMILY = "1,2";
				TEST_HOST = "$(BUILT_PRODUCTS_DIR)/MenuCD.app/MenuCD";
			};
			name = Debug;
		};
		6F1808A1225DFF28005E72C6 /* Release */ = {
			isa = XCBuildConfiguration;
			buildSettings = {
				ALWAYS_EMBED_SWIFT_STANDARD_LIBRARIES = YES;
				BUNDLE_LOADER = "$(TEST_HOST)";
				CODE_SIGN_STYLE = Automatic;
				DEVELOPMENT_TEAM = UMXQ4S7KHA;
				INFOPLIST_FILE = MenuCDTests/Info.plist;
				LD_RUNPATH_SEARCH_PATHS = (
					"$(inherited)",
					"@executable_path/Frameworks",
					"@loader_path/Frameworks",
				);
				PRODUCT_BUNDLE_IDENTIFIER = com.example.MenuCDTests;
				PRODUCT_NAME = "$(TARGET_NAME)";
				SWIFT_VERSION = 5.0;
				TARGETED_DEVICE_FAMILY = "1,2";
				TEST_HOST = "$(BUILT_PRODUCTS_DIR)/MenuCD.app/MenuCD";
			};
			name = Release;
		};
		6F1808A3225DFF28005E72C6 /* Debug */ = {
			isa = XCBuildConfiguration;
			buildSettings = {
				ALWAYS_EMBED_SWIFT_STANDARD_LIBRARIES = YES;
				CODE_SIGN_STYLE = Automatic;
				DEVELOPMENT_TEAM = UMXQ4S7KHA;
				INFOPLIST_FILE = MenuCDUITests/Info.plist;
				LD_RUNPATH_SEARCH_PATHS = (
					"$(inherited)",
					"@executable_path/Frameworks",
					"@loader_path/Frameworks",
				);
				PRODUCT_BUNDLE_IDENTIFIER = com.example.MenuCDUITests;
				PRODUCT_NAME = "$(TARGET_NAME)";
				SWIFT_VERSION = 5.0;
				TARGETED_DEVICE_FAMILY = "1,2";
				TEST_TARGET_NAME = MenuCD;
			};
			name = Debug;
		};
		6F1808A4225DFF28005E72C6 /* Release */ = {
			isa = XCBuildConfiguration;
			buildSettings = {
				ALWAYS_EMBED_SWIFT_STANDARD_LIBRARIES = YES;
				CODE_SIGN_STYLE = Automatic;
				DEVELOPMENT_TEAM = UMXQ4S7KHA;
				INFOPLIST_FILE = MenuCDUITests/Info.plist;
				LD_RUNPATH_SEARCH_PATHS = (
					"$(inherited)",
					"@executable_path/Frameworks",
					"@loader_path/Frameworks",
				);
				PRODUCT_BUNDLE_IDENTIFIER = com.example.MenuCDUITests;
				PRODUCT_NAME = "$(TARGET_NAME)";
				SWIFT_VERSION = 5.0;
				TARGETED_DEVICE_FAMILY = "1,2";
				TEST_TARGET_NAME = MenuCD;
			};
			name = Release;
		};
/* End XCBuildConfiguration section */

/* Begin XCConfigurationList section */
		6F18086C225DFF26005E72C6 /* Build configuration list for PBXProject "MenuCD" */ = {
			isa = XCConfigurationList;
			buildConfigurations = (
				6F18089A225DFF28005E72C6 /* Debug */,
				6F18089B225DFF28005E72C6 /* Release */,
			);
			defaultConfigurationIsVisible = 0;
			defaultConfigurationName = Release;
		};
		6F18089C225DFF28005E72C6 /* Build configuration list for PBXNativeTarget "MenuCD" */ = {
			isa = XCConfigurationList;
			buildConfigurations = (
				6F18089D225DFF28005E72C6 /* Debug */,
				6F18089E225DFF28005E72C6 /* Release */,
			);
			defaultConfigurationIsVisible = 0;
			defaultConfigurationName = Release;
		};
		6F18089F225DFF28005E72C6 /* Build configuration list for PBXNativeTarget "MenuCDTests" */ = {
			isa = XCConfigurationList;
			buildConfigurations = (
				6F1808A0225DFF28005E72C6 /* Debug */,
				6F1808A1225DFF28005E72C6 /* Release */,
			);
			defaultConfigurationIsVisible = 0;
			defaultConfigurationName = Release;
		};
		6F1808A2225DFF28005E72C6 /* Build configuration list for PBXNativeTarget "MenuCDUITests" */ = {
			isa = XCConfigurationList;
			buildConfigurations = (
				6F1808A3225DFF28005E72C6 /* Debug */,
				6F1808A4225DFF28005E72C6 /* Release */,
			);
			defaultConfigurationIsVisible = 0;
			defaultConfigurationName = Release;
		};
/* End XCConfigurationList section */

/* Begin XCVersionGroup section */
		6F18087B225DFF26005E72C6 /* MenuCD.xcdatamodeld */ = {
			isa = XCVersionGroup;
			children = (
				6F18087C225DFF26005E72C6 /* MenuCD.xcdatamodel */,
			);
			currentVersion = 6F18087C225DFF26005E72C6 /* MenuCD.xcdatamodel */;
			path = MenuCD.xcdatamodeld;
			sourceTree = "<group>";
			versionGroupType = wrapper.xcdatamodel;
		};
/* End XCVersionGroup section */
	};
	rootObject = 6F180869225DFF26005E72C6 /* Project object */;
}
